
Microsoft Visual Studio Solution File, Format Version 12.00
# Visual Studio Version 17
VisualStudioVersion = 17.0.31903.59
MinimumVisualStudioVersion = 10.0.40219.1
Project("{2150E333-8FDC-42A3-9474-1A3956D46DE8}") = "src", "src", "{985A090D-8783-E2AB-8C6F-999B9975EA1D}"
EndProject
Project("{2150E333-8FDC-42A3-9474-1A3956D46DE8}") = "shared", "shared", "{1C7D6D08-6DB6-442B-0E8B-EE5A2CB8DCB0}"
EndProject
Project("{2150E333-8FDC-42A3-9474-1A3956D46DE8}") = "src", "src", "{59A1E47F-6B90-756D-0CFF-6B3354DED5DD}"
EndProject
Project("{FAE04EC0-301F-11D3-BF4B-00C04F79EFBC}") = "Shared.Domain", "src\shared\src\Shared.Domain\Shared.Domain.csproj", "{CCD4378A-4875-4E64-92DB-88EA2166F18B}"
EndProject
Project("{FAE04EC0-301F-11D3-BF4B-00C04F79EFBC}") = "BuildingBlocks.Domain", "src\shared\src\BuildingBlocks.Domain\BuildingBlocks.Domain.csproj", "{7197CCC7-3B28-49C1-A06F-2F3389F36D04}"
EndProject
Project("{FAE04EC0-301F-11D3-BF4B-00C04F79EFBC}") = "BuildingBlocks.Application", "src\shared\src\BuildingBlocks.Application\BuildingBlocks.Application.csproj", "{E50ACB3D-C2E7-41A4-B125-9F31EDD74A5C}"
EndProject
Project("{FAE04EC0-301F-11D3-BF4B-00C04F79EFBC}") = "BuildingBlocks.Infrastructure", "src\shared\src\BuildingBlocks.Infrastructure\BuildingBlocks.Infrastructure.csproj", "{0595AC43-D16E-4CF8-9292-4314619E0AB7}"
EndProject
Project("{FAE04EC0-301F-11D3-BF4B-00C04F79EFBC}") = "BuildingBlocks.Presentation", "src\shared\src\BuildingBlocks.Presentation\BuildingBlocks.Presentation.csproj", "{C851DE6A-3090-4509-9565-5CD91A16751D}"
EndProject
Project("{2150E333-8FDC-42A3-9474-1A3956D46DE8}") = "modules", "modules", "{A0E3284A-3B2B-35EB-A51F-B3D107C8E783}"
EndProject
Project("{2150E333-8FDC-42A3-9474-1A3956D46DE8}") = "Storage", "Storage", "{FFCA4197-3240-E89E-7456-4E2A89138627}"
EndProject
Project("{FAE04EC0-301F-11D3-BF4B-00C04F79EFBC}") = "Storage.Contracts", "src\modules\Storage\Storage.Contracts\Storage.Contracts.csproj", "{1BC2D3F3-4A90-4B76-86F7-647A24EDAA20}"
EndProject
Project("{FAE04EC0-301F-11D3-BF4B-00C04F79EFBC}") = "Mailer.Contracts", "src\modules\Mailer\Mailer.Contracts\Mailer.Contracts.csproj", "{4309A429-F350-4B2B-AC97-96BDA746F282}"
EndProject
Project("{FAE04EC0-301F-11D3-BF4B-00C04F79EFBC}") = "Identity.Contracts", "src\modules\Identity\Identity.Contracts\Identity.Contracts.csproj", "{CEEE8480-DF49-4110-BAC4-B8500F969F2D}"
EndProject
Project("{2150E333-8FDC-42A3-9474-1A3956D46DE8}") = "Identity", "Identity", "{233446A7-6476-BD43-ABDA-6702A86DC26F}"
EndProject
Project("{2150E333-8FDC-42A3-9474-1A3956D46DE8}") = "Identity", "Identity", "{23AA6336-811D-235E-FC33-869A3ED6151C}"
EndProject
Project("{2150E333-8FDC-42A3-9474-1A3956D46DE8}") = "src", "src", "{99EACE8C-F56D-05CA-4DA0-84C76AC4C7DD}"
EndProject
Project("{FAE04EC0-301F-11D3-BF4B-00C04F79EFBC}") = "Identity.Domain", "src\modules\Identity\Identity\src\Identity.Domain\Identity.Domain.csproj", "{CA630FEE-EA0C-4B73-8A41-2D49CF6EA849}"
EndProject
Project("{FAE04EC0-301F-11D3-BF4B-00C04F79EFBC}") = "Identity.Application", "src\modules\Identity\Identity\src\Identity.Application\Identity.Application.csproj", "{D5993C05-CF95-4B6F-AFA7-FBFE2E734132}"
EndProject
Project("{FAE04EC0-301F-11D3-BF4B-00C04F79EFBC}") = "Identity.Infrastructure", "src\modules\Identity\Identity\src\Identity.Infrastructure\Identity.Infrastructure.csproj", "{44F31B25-708D-43BB-AC9C-90A2B9CE5EE2}"
EndProject
Project("{2150E333-8FDC-42A3-9474-1A3956D46DE8}") = "Content", "Content", "{703A7473-672A-0A87-4A62-8841B0B56EDE}"
EndProject
Project("{2150E333-8FDC-42A3-9474-1A3956D46DE8}") = "Content", "Content", "{953BA2C6-0F4C-E7BD-AE85-DAC73A53E195}"
EndProject
Project("{2150E333-8FDC-42A3-9474-1A3956D46DE8}") = "src", "src", "{06D2FA5A-7481-D445-E2D0-B778537C4EC5}"
EndProject
Project("{FAE04EC0-301F-11D3-BF4B-00C04F79EFBC}") = "Content.Domain", "src\modules\Content\Content\src\Content.Domain\Content.Domain.csproj", "{0C673DB1-3479-475D-90B8-AA9AA71676C1}"
EndProject
Project("{FAE04EC0-301F-11D3-BF4B-00C04F79EFBC}") = "Content.Application", "src\modules\Content\Content\src\Content.Application\Content.Application.csproj", "{6F5CB37F-4183-48AF-9B65-06535EDEF65E}"
EndProject
Project("{FAE04EC0-301F-11D3-BF4B-00C04F79EFBC}") = "Content.Infrastructure", "src\modules\Content\Content\src\Content.Infrastructure\Content.Infrastructure.csproj", "{7B99307F-EC18-41EC-8246-E43F19998ED8}"
EndProject
Project("{2150E333-8FDC-42A3-9474-1A3956D46DE8}") = "host", "host", "{8AECE750-E738-9514-E511-9325E20D60F7}"
EndProject
Project("{FAE04EC0-301F-11D3-BF4B-00C04F79EFBC}") = "Api", "src\host\Api\Api.csproj", "{510E9F7D-6B2D-41AC-8822-5CA923DE5524}"
EndProject
Project("{2150E333-8FDC-42A3-9474-1A3956D46DE8}") = "tests", "tests", "{0082CAAC-4BB6-251F-3963-E262EDF45D9A}"
EndProject
Project("{FAE04EC0-301F-11D3-BF4B-00C04F79EFBC}") = "Content.Integration.Tests", "src\modules\Content\Content\tests\Content.Integration.Tests\Content.Integration.Tests.csproj", "{A230C8A4-3EC3-4884-83C3-D9833A35172A}"
EndProject
Project("{FAE04EC0-301F-11D3-BF4B-00C04F79EFBC}") = "Content.TestData", "src\modules\Content\Content\tests\Content.TestData\Content.TestData.csproj", "{A9D2249F-2D1E-4BB3-AAE6-191EDCE1C242}"
EndProject
Project("{FAE04EC0-301F-11D3-BF4B-00C04F79EFBC}") = "Content.Unit.Tests", "src\modules\Content\Content\tests\Content.Unit.Tests\Content.Unit.Tests.csproj", "{0FD65F75-5086-49A6-8E57-EB3C6252B220}"
EndProject
Project("{FAE04EC0-301F-11D3-BF4B-00C04F79EFBC}") = "Identity.Integration.Tests", "src\modules\Identity\Identity\tests\Identity.Integration.Tests\Identity.Integration.Tests.csproj", "{6EB632C3-79D0-4ADF-8DE3-E918E8055652}"
EndProject
Project("{FAE04EC0-301F-11D3-BF4B-00C04F79EFBC}") = "Identity.TestData", "src\modules\Identity\Identity\tests\Identity.TestData\Identity.TestData.csproj", "{46DE19D9-D5F8-48CA-82D9-89FD0022F8BB}"
EndProject
Project("{FAE04EC0-301F-11D3-BF4B-00C04F79EFBC}") = "Identity.Unit.Tests", "src\modules\Identity\Identity\tests\Identity.Unit.Tests\Identity.Unit.Tests.csproj", "{2EE93E6C-C36C-4DC2-96E3-5574AA83DF40}"
EndProject
Project("{FAE04EC0-301F-11D3-BF4B-00C04F79EFBC}") = "Mailer.Integration.Tests", "src\modules\Mailer\Mailer\tests\Mailer.Integration.Tests\Mailer.Integration.Tests.csproj", "{4D4CAB2C-B1E0-4760-B216-80E404C442D4}"
EndProject
Project("{FAE04EC0-301F-11D3-BF4B-00C04F79EFBC}") = "Mailer.Unit.Tests", "src\modules\Mailer\Mailer\tests\Mailer.Unit.Tests\Mailer.Unit.Tests.csproj", "{C1EA8DAD-7936-4680-8786-82BA874740CA}"
EndProject
Project("{FAE04EC0-301F-11D3-BF4B-00C04F79EFBC}") = "Storage.Integration.Tests", "src\modules\Storage\Storage\tests\Storage.Integration.Tests\Storage.Integration.Tests.csproj", "{B229F2F0-9BF5-462C-8829-69F784CF1B74}"
EndProject
Project("{FAE04EC0-301F-11D3-BF4B-00C04F79EFBC}") = "Storage.TestData", "src\modules\Storage\Storage\tests\Storage.TestData\Storage.TestData.csproj", "{04299384-3F58-4866-9BF6-521DD9EAE9FE}"
EndProject
Project("{FAE04EC0-301F-11D3-BF4B-00C04F79EFBC}") = "Storage.Unit.Tests", "src\modules\Storage\Storage\tests\Storage.Unit.Tests\Storage.Unit.Tests.csproj", "{98E1743D-D775-40AC-975D-1D78A3D2C22A}"
EndProject
Project("{FAE04EC0-301F-11D3-BF4B-00C04F79EFBC}") = "Shared.Integration.Tests", "src\shared\tests\Shared.Integration.Tests\Shared.Integration.Tests.csproj", "{F5FDFA01-205C-4F6D-8E41-8278D2E70939}"
EndProject
Project("{FAE04EC0-301F-11D3-BF4B-00C04F79EFBC}") = "Shared.Unit.Tests", "src\shared\tests\Shared.Unit.Tests\Shared.Unit.Tests.csproj", "{59931D20-2A30-422A-9428-591DA5AA0063}"
EndProject
Project("{FAE04EC0-301F-11D3-BF4B-00C04F79EFBC}") = "Architecture.Tests", "tests\Architecture.Tests\Architecture.Tests.csproj", "{C20E2D99-E020-4CD3-A83C-410883B69449}"
EndProject
Project("{FAE04EC0-301F-11D3-BF4B-00C04F79EFBC}") = "EndToEnd.Tests", "tests\EndToEnd.Tests\EndToEnd.Tests.csproj", "{44372CE0-E867-4609-A27B-469AABB2408F}"
EndProject
Project("{FAE04EC0-301F-11D3-BF4B-00C04F79EFBC}") = "Fixtures", "tests\Fixtures\Fixtures.csproj", "{CD342A44-DB00-4E1C-90DB-8881A878DBC2}"
EndProject
Project("{FAE04EC0-301F-11D3-BF4B-00C04F79EFBC}") = "TestData", "tests\TestData\TestData.csproj", "{94599AF6-ACCA-499D-BC9B-A475C85DD103}"
EndProject
Project("{2150E333-8FDC-42A3-9474-1A3956D46DE8}") = "Mailer", "Mailer", "{ED9F1EA2-372A-6F2D-C432-B445B15C45CB}"
EndProject
Project("{2150E333-8FDC-42A3-9474-1A3956D46DE8}") = "Mailer", "Mailer", "{D1699EAB-DC96-495F-C758-C5E29CAC2309}"
EndProject
Project("{2150E333-8FDC-42A3-9474-1A3956D46DE8}") = "src", "src", "{2F5197DF-9D6A-1E50-F383-1B786434F5FB}"
EndProject
Project("{FAE04EC0-301F-11D3-BF4B-00C04F79EFBC}") = "Mailer.Application", "src\modules\Mailer\Mailer\src\Mailer.Application\Mailer.Application.csproj", "{8CBB149D-DFD7-4BE3-89DD-66124D923A19}"
EndProject
Project("{FAE04EC0-301F-11D3-BF4B-00C04F79EFBC}") = "Mailer.Domain", "src\modules\Mailer\Mailer\src\Mailer.Domain\Mailer.Domain.csproj", "{78BE89E4-8A13-47C5-9171-394BEF38112F}"
EndProject
Project("{FAE04EC0-301F-11D3-BF4B-00C04F79EFBC}") = "Mailer.Infrastructure", "src\modules\Mailer\Mailer\src\Mailer.Infrastructure\Mailer.Infrastructure.csproj", "{E132BC22-7488-43C7-8AE9-E1B8AE0E1972}"
EndProject
Project("{FAE04EC0-301F-11D3-BF4B-00C04F79EFBC}") = "Storage.Application", "src\modules\Storage\Storage\src\Storage.Application\Storage.Application.csproj", "{686DC89A-7E14-4345-8336-ABCEBE4EDACC}"
EndProject
Project("{FAE04EC0-301F-11D3-BF4B-00C04F79EFBC}") = "Storage.Domain", "src\modules\Storage\Storage\src\Storage.Domain\Storage.Domain.csproj", "{27B7E025-3E00-4C7E-B83C-8EB19D5D0F0B}"
EndProject
Project("{FAE04EC0-301F-11D3-BF4B-00C04F79EFBC}") = "Storage.Infrastructure", "src\modules\Storage\Storage\src\Storage.Infrastructure\Storage.Infrastructure.csproj", "{37108205-3969-47EF-80F5-FAB321507B03}"
EndProject
Project("{2150E333-8FDC-42A3-9474-1A3956D46DE8}") = "tests", "tests", "{50832DC4-4F5D-4617-9906-61964D2019E3}"
EndProject
Project("{FAE04EC0-301F-11D3-BF4B-00C04F79EFBC}") = "Mailer.TestData", "src\modules\Mailer\Mailer\tests\Mailer.TestData\Mailer.TestData.csproj", "{34CD964C-3206-4566-ACC8-27FD87F85D21}"
EndProject
Global
	GlobalSection(SolutionConfigurationPlatforms) = preSolution
		Debug|Any CPU = Debug|Any CPU
		Debug|x64 = Debug|x64
		Debug|x86 = Debug|x86
		Release|Any CPU = Release|Any CPU
		Release|x64 = Release|x64
		Release|x86 = Release|x86
	EndGlobalSection
	GlobalSection(ProjectConfigurationPlatforms) = postSolution
		{CCD4378A-4875-4E64-92DB-88EA2166F18B}.Debug|Any CPU.ActiveCfg = Debug|Any CPU
		{CCD4378A-4875-4E64-92DB-88EA2166F18B}.Debug|Any CPU.Build.0 = Debug|Any CPU
		{CCD4378A-4875-4E64-92DB-88EA2166F18B}.Debug|x64.ActiveCfg = Debug|Any CPU
		{CCD4378A-4875-4E64-92DB-88EA2166F18B}.Debug|x64.Build.0 = Debug|Any CPU
		{CCD4378A-4875-4E64-92DB-88EA2166F18B}.Debug|x86.ActiveCfg = Debug|Any CPU
		{CCD4378A-4875-4E64-92DB-88EA2166F18B}.Debug|x86.Build.0 = Debug|Any CPU
		{CCD4378A-4875-4E64-92DB-88EA2166F18B}.Release|Any CPU.ActiveCfg = Release|Any CPU
		{CCD4378A-4875-4E64-92DB-88EA2166F18B}.Release|Any CPU.Build.0 = Release|Any CPU
		{CCD4378A-4875-4E64-92DB-88EA2166F18B}.Release|x64.ActiveCfg = Release|Any CPU
		{CCD4378A-4875-4E64-92DB-88EA2166F18B}.Release|x64.Build.0 = Release|Any CPU
		{CCD4378A-4875-4E64-92DB-88EA2166F18B}.Release|x86.ActiveCfg = Release|Any CPU
		{CCD4378A-4875-4E64-92DB-88EA2166F18B}.Release|x86.Build.0 = Release|Any CPU
		{7197CCC7-3B28-49C1-A06F-2F3389F36D04}.Debug|Any CPU.ActiveCfg = Debug|Any CPU
		{7197CCC7-3B28-49C1-A06F-2F3389F36D04}.Debug|Any CPU.Build.0 = Debug|Any CPU
		{7197CCC7-3B28-49C1-A06F-2F3389F36D04}.Debug|x64.ActiveCfg = Debug|Any CPU
		{7197CCC7-3B28-49C1-A06F-2F3389F36D04}.Debug|x64.Build.0 = Debug|Any CPU
		{7197CCC7-3B28-49C1-A06F-2F3389F36D04}.Debug|x86.ActiveCfg = Debug|Any CPU
		{7197CCC7-3B28-49C1-A06F-2F3389F36D04}.Debug|x86.Build.0 = Debug|Any CPU
		{7197CCC7-3B28-49C1-A06F-2F3389F36D04}.Release|Any CPU.ActiveCfg = Release|Any CPU
		{7197CCC7-3B28-49C1-A06F-2F3389F36D04}.Release|Any CPU.Build.0 = Release|Any CPU
		{7197CCC7-3B28-49C1-A06F-2F3389F36D04}.Release|x64.ActiveCfg = Release|Any CPU
		{7197CCC7-3B28-49C1-A06F-2F3389F36D04}.Release|x64.Build.0 = Release|Any CPU
		{7197CCC7-3B28-49C1-A06F-2F3389F36D04}.Release|x86.ActiveCfg = Release|Any CPU
		{7197CCC7-3B28-49C1-A06F-2F3389F36D04}.Release|x86.Build.0 = Release|Any CPU
		{E50ACB3D-C2E7-41A4-B125-9F31EDD74A5C}.Debug|Any CPU.ActiveCfg = Debug|Any CPU
		{E50ACB3D-C2E7-41A4-B125-9F31EDD74A5C}.Debug|Any CPU.Build.0 = Debug|Any CPU
		{E50ACB3D-C2E7-41A4-B125-9F31EDD74A5C}.Debug|x64.ActiveCfg = Debug|Any CPU
		{E50ACB3D-C2E7-41A4-B125-9F31EDD74A5C}.Debug|x64.Build.0 = Debug|Any CPU
		{E50ACB3D-C2E7-41A4-B125-9F31EDD74A5C}.Debug|x86.ActiveCfg = Debug|Any CPU
		{E50ACB3D-C2E7-41A4-B125-9F31EDD74A5C}.Debug|x86.Build.0 = Debug|Any CPU
		{E50ACB3D-C2E7-41A4-B125-9F31EDD74A5C}.Release|Any CPU.ActiveCfg = Release|Any CPU
		{E50ACB3D-C2E7-41A4-B125-9F31EDD74A5C}.Release|Any CPU.Build.0 = Release|Any CPU
		{E50ACB3D-C2E7-41A4-B125-9F31EDD74A5C}.Release|x64.ActiveCfg = Release|Any CPU
		{E50ACB3D-C2E7-41A4-B125-9F31EDD74A5C}.Release|x64.Build.0 = Release|Any CPU
		{E50ACB3D-C2E7-41A4-B125-9F31EDD74A5C}.Release|x86.ActiveCfg = Release|Any CPU
		{E50ACB3D-C2E7-41A4-B125-9F31EDD74A5C}.Release|x86.Build.0 = Release|Any CPU
		{0595AC43-D16E-4CF8-9292-4314619E0AB7}.Debug|Any CPU.ActiveCfg = Debug|Any CPU
		{0595AC43-D16E-4CF8-9292-4314619E0AB7}.Debug|Any CPU.Build.0 = Debug|Any CPU
		{0595AC43-D16E-4CF8-9292-4314619E0AB7}.Debug|x64.ActiveCfg = Debug|Any CPU
		{0595AC43-D16E-4CF8-9292-4314619E0AB7}.Debug|x64.Build.0 = Debug|Any CPU
		{0595AC43-D16E-4CF8-9292-4314619E0AB7}.Debug|x86.ActiveCfg = Debug|Any CPU
		{0595AC43-D16E-4CF8-9292-4314619E0AB7}.Debug|x86.Build.0 = Debug|Any CPU
		{0595AC43-D16E-4CF8-9292-4314619E0AB7}.Release|Any CPU.ActiveCfg = Release|Any CPU
		{0595AC43-D16E-4CF8-9292-4314619E0AB7}.Release|Any CPU.Build.0 = Release|Any CPU
		{0595AC43-D16E-4CF8-9292-4314619E0AB7}.Release|x64.ActiveCfg = Release|Any CPU
		{0595AC43-D16E-4CF8-9292-4314619E0AB7}.Release|x64.Build.0 = Release|Any CPU
		{0595AC43-D16E-4CF8-9292-4314619E0AB7}.Release|x86.ActiveCfg = Release|Any CPU
		{0595AC43-D16E-4CF8-9292-4314619E0AB7}.Release|x86.Build.0 = Release|Any CPU
		{C851DE6A-3090-4509-9565-5CD91A16751D}.Debug|Any CPU.ActiveCfg = Debug|Any CPU
		{C851DE6A-3090-4509-9565-5CD91A16751D}.Debug|Any CPU.Build.0 = Debug|Any CPU
		{C851DE6A-3090-4509-9565-5CD91A16751D}.Debug|x64.ActiveCfg = Debug|Any CPU
		{C851DE6A-3090-4509-9565-5CD91A16751D}.Debug|x64.Build.0 = Debug|Any CPU
		{C851DE6A-3090-4509-9565-5CD91A16751D}.Debug|x86.ActiveCfg = Debug|Any CPU
		{C851DE6A-3090-4509-9565-5CD91A16751D}.Debug|x86.Build.0 = Debug|Any CPU
		{C851DE6A-3090-4509-9565-5CD91A16751D}.Release|Any CPU.ActiveCfg = Release|Any CPU
		{C851DE6A-3090-4509-9565-5CD91A16751D}.Release|Any CPU.Build.0 = Release|Any CPU
		{C851DE6A-3090-4509-9565-5CD91A16751D}.Release|x64.ActiveCfg = Release|Any CPU
		{C851DE6A-3090-4509-9565-5CD91A16751D}.Release|x64.Build.0 = Release|Any CPU
		{C851DE6A-3090-4509-9565-5CD91A16751D}.Release|x86.ActiveCfg = Release|Any CPU
		{C851DE6A-3090-4509-9565-5CD91A16751D}.Release|x86.Build.0 = Release|Any CPU
		{1BC2D3F3-4A90-4B76-86F7-647A24EDAA20}.Debug|Any CPU.ActiveCfg = Debug|Any CPU
		{1BC2D3F3-4A90-4B76-86F7-647A24EDAA20}.Debug|Any CPU.Build.0 = Debug|Any CPU
		{1BC2D3F3-4A90-4B76-86F7-647A24EDAA20}.Debug|x64.ActiveCfg = Debug|Any CPU
		{1BC2D3F3-4A90-4B76-86F7-647A24EDAA20}.Debug|x64.Build.0 = Debug|Any CPU
		{1BC2D3F3-4A90-4B76-86F7-647A24EDAA20}.Debug|x86.ActiveCfg = Debug|Any CPU
		{1BC2D3F3-4A90-4B76-86F7-647A24EDAA20}.Debug|x86.Build.0 = Debug|Any CPU
		{1BC2D3F3-4A90-4B76-86F7-647A24EDAA20}.Release|Any CPU.ActiveCfg = Release|Any CPU
		{1BC2D3F3-4A90-4B76-86F7-647A24EDAA20}.Release|Any CPU.Build.0 = Release|Any CPU
		{1BC2D3F3-4A90-4B76-86F7-647A24EDAA20}.Release|x64.ActiveCfg = Release|Any CPU
		{1BC2D3F3-4A90-4B76-86F7-647A24EDAA20}.Release|x64.Build.0 = Release|Any CPU
		{1BC2D3F3-4A90-4B76-86F7-647A24EDAA20}.Release|x86.ActiveCfg = Release|Any CPU
		{1BC2D3F3-4A90-4B76-86F7-647A24EDAA20}.Release|x86.Build.0 = Release|Any CPU
		{4309A429-F350-4B2B-AC97-96BDA746F282}.Debug|Any CPU.ActiveCfg = Debug|Any CPU
		{4309A429-F350-4B2B-AC97-96BDA746F282}.Debug|Any CPU.Build.0 = Debug|Any CPU
		{4309A429-F350-4B2B-AC97-96BDA746F282}.Debug|x64.ActiveCfg = Debug|Any CPU
		{4309A429-F350-4B2B-AC97-96BDA746F282}.Debug|x64.Build.0 = Debug|Any CPU
		{4309A429-F350-4B2B-AC97-96BDA746F282}.Debug|x86.ActiveCfg = Debug|Any CPU
		{4309A429-F350-4B2B-AC97-96BDA746F282}.Debug|x86.Build.0 = Debug|Any CPU
		{4309A429-F350-4B2B-AC97-96BDA746F282}.Release|Any CPU.ActiveCfg = Release|Any CPU
		{4309A429-F350-4B2B-AC97-96BDA746F282}.Release|Any CPU.Build.0 = Release|Any CPU
		{4309A429-F350-4B2B-AC97-96BDA746F282}.Release|x64.ActiveCfg = Release|Any CPU
		{4309A429-F350-4B2B-AC97-96BDA746F282}.Release|x64.Build.0 = Release|Any CPU
		{4309A429-F350-4B2B-AC97-96BDA746F282}.Release|x86.ActiveCfg = Release|Any CPU
		{4309A429-F350-4B2B-AC97-96BDA746F282}.Release|x86.Build.0 = Release|Any CPU
		{CEEE8480-DF49-4110-BAC4-B8500F969F2D}.Debug|Any CPU.ActiveCfg = Debug|Any CPU
		{CEEE8480-DF49-4110-BAC4-B8500F969F2D}.Debug|Any CPU.Build.0 = Debug|Any CPU
		{CEEE8480-DF49-4110-BAC4-B8500F969F2D}.Debug|x64.ActiveCfg = Debug|Any CPU
		{CEEE8480-DF49-4110-BAC4-B8500F969F2D}.Debug|x64.Build.0 = Debug|Any CPU
		{CEEE8480-DF49-4110-BAC4-B8500F969F2D}.Debug|x86.ActiveCfg = Debug|Any CPU
		{CEEE8480-DF49-4110-BAC4-B8500F969F2D}.Debug|x86.Build.0 = Debug|Any CPU
		{CEEE8480-DF49-4110-BAC4-B8500F969F2D}.Release|Any CPU.ActiveCfg = Release|Any CPU
		{CEEE8480-DF49-4110-BAC4-B8500F969F2D}.Release|Any CPU.Build.0 = Release|Any CPU
		{CEEE8480-DF49-4110-BAC4-B8500F969F2D}.Release|x64.ActiveCfg = Release|Any CPU
		{CEEE8480-DF49-4110-BAC4-B8500F969F2D}.Release|x64.Build.0 = Release|Any CPU
		{CEEE8480-DF49-4110-BAC4-B8500F969F2D}.Release|x86.ActiveCfg = Release|Any CPU
		{CEEE8480-DF49-4110-BAC4-B8500F969F2D}.Release|x86.Build.0 = Release|Any CPU
		{CA630FEE-EA0C-4B73-8A41-2D49CF6EA849}.Debug|Any CPU.ActiveCfg = Debug|Any CPU
		{CA630FEE-EA0C-4B73-8A41-2D49CF6EA849}.Debug|Any CPU.Build.0 = Debug|Any CPU
		{CA630FEE-EA0C-4B73-8A41-2D49CF6EA849}.Debug|x64.ActiveCfg = Debug|Any CPU
		{CA630FEE-EA0C-4B73-8A41-2D49CF6EA849}.Debug|x64.Build.0 = Debug|Any CPU
		{CA630FEE-EA0C-4B73-8A41-2D49CF6EA849}.Debug|x86.ActiveCfg = Debug|Any CPU
		{CA630FEE-EA0C-4B73-8A41-2D49CF6EA849}.Debug|x86.Build.0 = Debug|Any CPU
		{CA630FEE-EA0C-4B73-8A41-2D49CF6EA849}.Release|Any CPU.ActiveCfg = Release|Any CPU
		{CA630FEE-EA0C-4B73-8A41-2D49CF6EA849}.Release|Any CPU.Build.0 = Release|Any CPU
		{CA630FEE-EA0C-4B73-8A41-2D49CF6EA849}.Release|x64.ActiveCfg = Release|Any CPU
		{CA630FEE-EA0C-4B73-8A41-2D49CF6EA849}.Release|x64.Build.0 = Release|Any CPU
		{CA630FEE-EA0C-4B73-8A41-2D49CF6EA849}.Release|x86.ActiveCfg = Release|Any CPU
		{CA630FEE-EA0C-4B73-8A41-2D49CF6EA849}.Release|x86.Build.0 = Release|Any CPU
		{D5993C05-CF95-4B6F-AFA7-FBFE2E734132}.Debug|Any CPU.ActiveCfg = Debug|Any CPU
		{D5993C05-CF95-4B6F-AFA7-FBFE2E734132}.Debug|Any CPU.Build.0 = Debug|Any CPU
		{D5993C05-CF95-4B6F-AFA7-FBFE2E734132}.Debug|x64.ActiveCfg = Debug|Any CPU
		{D5993C05-CF95-4B6F-AFA7-FBFE2E734132}.Debug|x64.Build.0 = Debug|Any CPU
		{D5993C05-CF95-4B6F-AFA7-FBFE2E734132}.Debug|x86.ActiveCfg = Debug|Any CPU
		{D5993C05-CF95-4B6F-AFA7-FBFE2E734132}.Debug|x86.Build.0 = Debug|Any CPU
		{D5993C05-CF95-4B6F-AFA7-FBFE2E734132}.Release|Any CPU.ActiveCfg = Release|Any CPU
		{D5993C05-CF95-4B6F-AFA7-FBFE2E734132}.Release|Any CPU.Build.0 = Release|Any CPU
		{D5993C05-CF95-4B6F-AFA7-FBFE2E734132}.Release|x64.ActiveCfg = Release|Any CPU
		{D5993C05-CF95-4B6F-AFA7-FBFE2E734132}.Release|x64.Build.0 = Release|Any CPU
		{D5993C05-CF95-4B6F-AFA7-FBFE2E734132}.Release|x86.ActiveCfg = Release|Any CPU
		{D5993C05-CF95-4B6F-AFA7-FBFE2E734132}.Release|x86.Build.0 = Release|Any CPU
		{44F31B25-708D-43BB-AC9C-90A2B9CE5EE2}.Debug|Any CPU.ActiveCfg = Debug|Any CPU
		{44F31B25-708D-43BB-AC9C-90A2B9CE5EE2}.Debug|Any CPU.Build.0 = Debug|Any CPU
		{44F31B25-708D-43BB-AC9C-90A2B9CE5EE2}.Debug|x64.ActiveCfg = Debug|Any CPU
		{44F31B25-708D-43BB-AC9C-90A2B9CE5EE2}.Debug|x64.Build.0 = Debug|Any CPU
		{44F31B25-708D-43BB-AC9C-90A2B9CE5EE2}.Debug|x86.ActiveCfg = Debug|Any CPU
		{44F31B25-708D-43BB-AC9C-90A2B9CE5EE2}.Debug|x86.Build.0 = Debug|Any CPU
		{44F31B25-708D-43BB-AC9C-90A2B9CE5EE2}.Release|Any CPU.ActiveCfg = Release|Any CPU
		{44F31B25-708D-43BB-AC9C-90A2B9CE5EE2}.Release|Any CPU.Build.0 = Release|Any CPU
		{44F31B25-708D-43BB-AC9C-90A2B9CE5EE2}.Release|x64.ActiveCfg = Release|Any CPU
		{44F31B25-708D-43BB-AC9C-90A2B9CE5EE2}.Release|x64.Build.0 = Release|Any CPU
		{44F31B25-708D-43BB-AC9C-90A2B9CE5EE2}.Release|x86.ActiveCfg = Release|Any CPU
		{44F31B25-708D-43BB-AC9C-90A2B9CE5EE2}.Release|x86.Build.0 = Release|Any CPU
		{0C673DB1-3479-475D-90B8-AA9AA71676C1}.Debug|Any CPU.ActiveCfg = Debug|Any CPU
		{0C673DB1-3479-475D-90B8-AA9AA71676C1}.Debug|Any CPU.Build.0 = Debug|Any CPU
		{0C673DB1-3479-475D-90B8-AA9AA71676C1}.Debug|x64.ActiveCfg = Debug|Any CPU
		{0C673DB1-3479-475D-90B8-AA9AA71676C1}.Debug|x64.Build.0 = Debug|Any CPU
		{0C673DB1-3479-475D-90B8-AA9AA71676C1}.Debug|x86.ActiveCfg = Debug|Any CPU
		{0C673DB1-3479-475D-90B8-AA9AA71676C1}.Debug|x86.Build.0 = Debug|Any CPU
		{0C673DB1-3479-475D-90B8-AA9AA71676C1}.Release|Any CPU.ActiveCfg = Release|Any CPU
		{0C673DB1-3479-475D-90B8-AA9AA71676C1}.Release|Any CPU.Build.0 = Release|Any CPU
		{0C673DB1-3479-475D-90B8-AA9AA71676C1}.Release|x64.ActiveCfg = Release|Any CPU
		{0C673DB1-3479-475D-90B8-AA9AA71676C1}.Release|x64.Build.0 = Release|Any CPU
		{0C673DB1-3479-475D-90B8-AA9AA71676C1}.Release|x86.ActiveCfg = Release|Any CPU
		{0C673DB1-3479-475D-90B8-AA9AA71676C1}.Release|x86.Build.0 = Release|Any CPU
		{6F5CB37F-4183-48AF-9B65-06535EDEF65E}.Debug|Any CPU.ActiveCfg = Debug|Any CPU
		{6F5CB37F-4183-48AF-9B65-06535EDEF65E}.Debug|Any CPU.Build.0 = Debug|Any CPU
		{6F5CB37F-4183-48AF-9B65-06535EDEF65E}.Debug|x64.ActiveCfg = Debug|Any CPU
		{6F5CB37F-4183-48AF-9B65-06535EDEF65E}.Debug|x64.Build.0 = Debug|Any CPU
		{6F5CB37F-4183-48AF-9B65-06535EDEF65E}.Debug|x86.ActiveCfg = Debug|Any CPU
		{6F5CB37F-4183-48AF-9B65-06535EDEF65E}.Debug|x86.Build.0 = Debug|Any CPU
		{6F5CB37F-4183-48AF-9B65-06535EDEF65E}.Release|Any CPU.ActiveCfg = Release|Any CPU
		{6F5CB37F-4183-48AF-9B65-06535EDEF65E}.Release|Any CPU.Build.0 = Release|Any CPU
		{6F5CB37F-4183-48AF-9B65-06535EDEF65E}.Release|x64.ActiveCfg = Release|Any CPU
		{6F5CB37F-4183-48AF-9B65-06535EDEF65E}.Release|x64.Build.0 = Release|Any CPU
		{6F5CB37F-4183-48AF-9B65-06535EDEF65E}.Release|x86.ActiveCfg = Release|Any CPU
		{6F5CB37F-4183-48AF-9B65-06535EDEF65E}.Release|x86.Build.0 = Release|Any CPU
		{7B99307F-EC18-41EC-8246-E43F19998ED8}.Debug|Any CPU.ActiveCfg = Debug|Any CPU
		{7B99307F-EC18-41EC-8246-E43F19998ED8}.Debug|Any CPU.Build.0 = Debug|Any CPU
		{7B99307F-EC18-41EC-8246-E43F19998ED8}.Debug|x64.ActiveCfg = Debug|Any CPU
		{7B99307F-EC18-41EC-8246-E43F19998ED8}.Debug|x64.Build.0 = Debug|Any CPU
		{7B99307F-EC18-41EC-8246-E43F19998ED8}.Debug|x86.ActiveCfg = Debug|Any CPU
		{7B99307F-EC18-41EC-8246-E43F19998ED8}.Debug|x86.Build.0 = Debug|Any CPU
		{7B99307F-EC18-41EC-8246-E43F19998ED8}.Release|Any CPU.ActiveCfg = Release|Any CPU
		{7B99307F-EC18-41EC-8246-E43F19998ED8}.Release|Any CPU.Build.0 = Release|Any CPU
		{7B99307F-EC18-41EC-8246-E43F19998ED8}.Release|x64.ActiveCfg = Release|Any CPU
		{7B99307F-EC18-41EC-8246-E43F19998ED8}.Release|x64.Build.0 = Release|Any CPU
		{7B99307F-EC18-41EC-8246-E43F19998ED8}.Release|x86.ActiveCfg = Release|Any CPU
		{7B99307F-EC18-41EC-8246-E43F19998ED8}.Release|x86.Build.0 = Release|Any CPU
		{510E9F7D-6B2D-41AC-8822-5CA923DE5524}.Debug|Any CPU.ActiveCfg = Debug|Any CPU
		{510E9F7D-6B2D-41AC-8822-5CA923DE5524}.Debug|Any CPU.Build.0 = Debug|Any CPU
		{510E9F7D-6B2D-41AC-8822-5CA923DE5524}.Debug|x64.ActiveCfg = Debug|Any CPU
		{510E9F7D-6B2D-41AC-8822-5CA923DE5524}.Debug|x64.Build.0 = Debug|Any CPU
		{510E9F7D-6B2D-41AC-8822-5CA923DE5524}.Debug|x86.ActiveCfg = Debug|Any CPU
		{510E9F7D-6B2D-41AC-8822-5CA923DE5524}.Debug|x86.Build.0 = Debug|Any CPU
		{510E9F7D-6B2D-41AC-8822-5CA923DE5524}.Release|Any CPU.ActiveCfg = Release|Any CPU
		{510E9F7D-6B2D-41AC-8822-5CA923DE5524}.Release|Any CPU.Build.0 = Release|Any CPU
		{510E9F7D-6B2D-41AC-8822-5CA923DE5524}.Release|x64.ActiveCfg = Release|Any CPU
		{510E9F7D-6B2D-41AC-8822-5CA923DE5524}.Release|x64.Build.0 = Release|Any CPU
		{510E9F7D-6B2D-41AC-8822-5CA923DE5524}.Release|x86.ActiveCfg = Release|Any CPU
		{510E9F7D-6B2D-41AC-8822-5CA923DE5524}.Release|x86.Build.0 = Release|Any CPU
		{A230C8A4-3EC3-4884-83C3-D9833A35172A}.Debug|Any CPU.ActiveCfg = Debug|Any CPU
		{A230C8A4-3EC3-4884-83C3-D9833A35172A}.Debug|Any CPU.Build.0 = Debug|Any CPU
		{A230C8A4-3EC3-4884-83C3-D9833A35172A}.Debug|x64.ActiveCfg = Debug|Any CPU
		{A230C8A4-3EC3-4884-83C3-D9833A35172A}.Debug|x64.Build.0 = Debug|Any CPU
		{A230C8A4-3EC3-4884-83C3-D9833A35172A}.Debug|x86.ActiveCfg = Debug|Any CPU
		{A230C8A4-3EC3-4884-83C3-D9833A35172A}.Debug|x86.Build.0 = Debug|Any CPU
		{A230C8A4-3EC3-4884-83C3-D9833A35172A}.Release|Any CPU.ActiveCfg = Release|Any CPU
		{A230C8A4-3EC3-4884-83C3-D9833A35172A}.Release|Any CPU.Build.0 = Release|Any CPU
		{A230C8A4-3EC3-4884-83C3-D9833A35172A}.Release|x64.ActiveCfg = Release|Any CPU
		{A230C8A4-3EC3-4884-83C3-D9833A35172A}.Release|x64.Build.0 = Release|Any CPU
		{A230C8A4-3EC3-4884-83C3-D9833A35172A}.Release|x86.ActiveCfg = Release|Any CPU
		{A230C8A4-3EC3-4884-83C3-D9833A35172A}.Release|x86.Build.0 = Release|Any CPU
		{A9D2249F-2D1E-4BB3-AAE6-191EDCE1C242}.Debug|Any CPU.ActiveCfg = Debug|Any CPU
		{A9D2249F-2D1E-4BB3-AAE6-191EDCE1C242}.Debug|Any CPU.Build.0 = Debug|Any CPU
		{A9D2249F-2D1E-4BB3-AAE6-191EDCE1C242}.Debug|x64.ActiveCfg = Debug|Any CPU
		{A9D2249F-2D1E-4BB3-AAE6-191EDCE1C242}.Debug|x64.Build.0 = Debug|Any CPU
		{A9D2249F-2D1E-4BB3-AAE6-191EDCE1C242}.Debug|x86.ActiveCfg = Debug|Any CPU
		{A9D2249F-2D1E-4BB3-AAE6-191EDCE1C242}.Debug|x86.Build.0 = Debug|Any CPU
		{A9D2249F-2D1E-4BB3-AAE6-191EDCE1C242}.Release|Any CPU.ActiveCfg = Release|Any CPU
		{A9D2249F-2D1E-4BB3-AAE6-191EDCE1C242}.Release|Any CPU.Build.0 = Release|Any CPU
		{A9D2249F-2D1E-4BB3-AAE6-191EDCE1C242}.Release|x64.ActiveCfg = Release|Any CPU
		{A9D2249F-2D1E-4BB3-AAE6-191EDCE1C242}.Release|x64.Build.0 = Release|Any CPU
		{A9D2249F-2D1E-4BB3-AAE6-191EDCE1C242}.Release|x86.ActiveCfg = Release|Any CPU
		{A9D2249F-2D1E-4BB3-AAE6-191EDCE1C242}.Release|x86.Build.0 = Release|Any CPU
		{0FD65F75-5086-49A6-8E57-EB3C6252B220}.Debug|Any CPU.ActiveCfg = Debug|Any CPU
		{0FD65F75-5086-49A6-8E57-EB3C6252B220}.Debug|Any CPU.Build.0 = Debug|Any CPU
		{0FD65F75-5086-49A6-8E57-EB3C6252B220}.Debug|x64.ActiveCfg = Debug|Any CPU
		{0FD65F75-5086-49A6-8E57-EB3C6252B220}.Debug|x64.Build.0 = Debug|Any CPU
		{0FD65F75-5086-49A6-8E57-EB3C6252B220}.Debug|x86.ActiveCfg = Debug|Any CPU
		{0FD65F75-5086-49A6-8E57-EB3C6252B220}.Debug|x86.Build.0 = Debug|Any CPU
		{0FD65F75-5086-49A6-8E57-EB3C6252B220}.Release|Any CPU.ActiveCfg = Release|Any CPU
		{0FD65F75-5086-49A6-8E57-EB3C6252B220}.Release|Any CPU.Build.0 = Release|Any CPU
		{0FD65F75-5086-49A6-8E57-EB3C6252B220}.Release|x64.ActiveCfg = Release|Any CPU
		{0FD65F75-5086-49A6-8E57-EB3C6252B220}.Release|x64.Build.0 = Release|Any CPU
		{0FD65F75-5086-49A6-8E57-EB3C6252B220}.Release|x86.ActiveCfg = Release|Any CPU
		{0FD65F75-5086-49A6-8E57-EB3C6252B220}.Release|x86.Build.0 = Release|Any CPU
		{6EB632C3-79D0-4ADF-8DE3-E918E8055652}.Debug|Any CPU.ActiveCfg = Debug|Any CPU
		{6EB632C3-79D0-4ADF-8DE3-E918E8055652}.Debug|Any CPU.Build.0 = Debug|Any CPU
		{6EB632C3-79D0-4ADF-8DE3-E918E8055652}.Debug|x64.ActiveCfg = Debug|Any CPU
		{6EB632C3-79D0-4ADF-8DE3-E918E8055652}.Debug|x64.Build.0 = Debug|Any CPU
		{6EB632C3-79D0-4ADF-8DE3-E918E8055652}.Debug|x86.ActiveCfg = Debug|Any CPU
		{6EB632C3-79D0-4ADF-8DE3-E918E8055652}.Debug|x86.Build.0 = Debug|Any CPU
		{6EB632C3-79D0-4ADF-8DE3-E918E8055652}.Release|Any CPU.ActiveCfg = Release|Any CPU
		{6EB632C3-79D0-4ADF-8DE3-E918E8055652}.Release|Any CPU.Build.0 = Release|Any CPU
		{6EB632C3-79D0-4ADF-8DE3-E918E8055652}.Release|x64.ActiveCfg = Release|Any CPU
		{6EB632C3-79D0-4ADF-8DE3-E918E8055652}.Release|x64.Build.0 = Release|Any CPU
		{6EB632C3-79D0-4ADF-8DE3-E918E8055652}.Release|x86.ActiveCfg = Release|Any CPU
		{6EB632C3-79D0-4ADF-8DE3-E918E8055652}.Release|x86.Build.0 = Release|Any CPU
		{46DE19D9-D5F8-48CA-82D9-89FD0022F8BB}.Debug|Any CPU.ActiveCfg = Debug|Any CPU
		{46DE19D9-D5F8-48CA-82D9-89FD0022F8BB}.Debug|Any CPU.Build.0 = Debug|Any CPU
		{46DE19D9-D5F8-48CA-82D9-89FD0022F8BB}.Debug|x64.ActiveCfg = Debug|Any CPU
		{46DE19D9-D5F8-48CA-82D9-89FD0022F8BB}.Debug|x64.Build.0 = Debug|Any CPU
		{46DE19D9-D5F8-48CA-82D9-89FD0022F8BB}.Debug|x86.ActiveCfg = Debug|Any CPU
		{46DE19D9-D5F8-48CA-82D9-89FD0022F8BB}.Debug|x86.Build.0 = Debug|Any CPU
		{46DE19D9-D5F8-48CA-82D9-89FD0022F8BB}.Release|Any CPU.ActiveCfg = Release|Any CPU
		{46DE19D9-D5F8-48CA-82D9-89FD0022F8BB}.Release|Any CPU.Build.0 = Release|Any CPU
		{46DE19D9-D5F8-48CA-82D9-89FD0022F8BB}.Release|x64.ActiveCfg = Release|Any CPU
		{46DE19D9-D5F8-48CA-82D9-89FD0022F8BB}.Release|x64.Build.0 = Release|Any CPU
		{46DE19D9-D5F8-48CA-82D9-89FD0022F8BB}.Release|x86.ActiveCfg = Release|Any CPU
		{46DE19D9-D5F8-48CA-82D9-89FD0022F8BB}.Release|x86.Build.0 = Release|Any CPU
		{2EE93E6C-C36C-4DC2-96E3-5574AA83DF40}.Debug|Any CPU.ActiveCfg = Debug|Any CPU
		{2EE93E6C-C36C-4DC2-96E3-5574AA83DF40}.Debug|Any CPU.Build.0 = Debug|Any CPU
		{2EE93E6C-C36C-4DC2-96E3-5574AA83DF40}.Debug|x64.ActiveCfg = Debug|Any CPU
		{2EE93E6C-C36C-4DC2-96E3-5574AA83DF40}.Debug|x64.Build.0 = Debug|Any CPU
		{2EE93E6C-C36C-4DC2-96E3-5574AA83DF40}.Debug|x86.ActiveCfg = Debug|Any CPU
		{2EE93E6C-C36C-4DC2-96E3-5574AA83DF40}.Debug|x86.Build.0 = Debug|Any CPU
		{2EE93E6C-C36C-4DC2-96E3-5574AA83DF40}.Release|Any CPU.ActiveCfg = Release|Any CPU
		{2EE93E6C-C36C-4DC2-96E3-5574AA83DF40}.Release|Any CPU.Build.0 = Release|Any CPU
		{2EE93E6C-C36C-4DC2-96E3-5574AA83DF40}.Release|x64.ActiveCfg = Release|Any CPU
		{2EE93E6C-C36C-4DC2-96E3-5574AA83DF40}.Release|x64.Build.0 = Release|Any CPU
		{2EE93E6C-C36C-4DC2-96E3-5574AA83DF40}.Release|x86.ActiveCfg = Release|Any CPU
		{2EE93E6C-C36C-4DC2-96E3-5574AA83DF40}.Release|x86.Build.0 = Release|Any CPU
		{4D4CAB2C-B1E0-4760-B216-80E404C442D4}.Debug|Any CPU.ActiveCfg = Debug|Any CPU
		{4D4CAB2C-B1E0-4760-B216-80E404C442D4}.Debug|Any CPU.Build.0 = Debug|Any CPU
		{4D4CAB2C-B1E0-4760-B216-80E404C442D4}.Debug|x64.ActiveCfg = Debug|Any CPU
		{4D4CAB2C-B1E0-4760-B216-80E404C442D4}.Debug|x64.Build.0 = Debug|Any CPU
		{4D4CAB2C-B1E0-4760-B216-80E404C442D4}.Debug|x86.ActiveCfg = Debug|Any CPU
		{4D4CAB2C-B1E0-4760-B216-80E404C442D4}.Debug|x86.Build.0 = Debug|Any CPU
		{4D4CAB2C-B1E0-4760-B216-80E404C442D4}.Release|Any CPU.ActiveCfg = Release|Any CPU
		{4D4CAB2C-B1E0-4760-B216-80E404C442D4}.Release|Any CPU.Build.0 = Release|Any CPU
		{4D4CAB2C-B1E0-4760-B216-80E404C442D4}.Release|x64.ActiveCfg = Release|Any CPU
		{4D4CAB2C-B1E0-4760-B216-80E404C442D4}.Release|x64.Build.0 = Release|Any CPU
		{4D4CAB2C-B1E0-4760-B216-80E404C442D4}.Release|x86.ActiveCfg = Release|Any CPU
		{4D4CAB2C-B1E0-4760-B216-80E404C442D4}.Release|x86.Build.0 = Release|Any CPU
		{C1EA8DAD-7936-4680-8786-82BA874740CA}.Debug|Any CPU.ActiveCfg = Debug|Any CPU
		{C1EA8DAD-7936-4680-8786-82BA874740CA}.Debug|Any CPU.Build.0 = Debug|Any CPU
		{C1EA8DAD-7936-4680-8786-82BA874740CA}.Debug|x64.ActiveCfg = Debug|Any CPU
		{C1EA8DAD-7936-4680-8786-82BA874740CA}.Debug|x64.Build.0 = Debug|Any CPU
		{C1EA8DAD-7936-4680-8786-82BA874740CA}.Debug|x86.ActiveCfg = Debug|Any CPU
		{C1EA8DAD-7936-4680-8786-82BA874740CA}.Debug|x86.Build.0 = Debug|Any CPU
		{C1EA8DAD-7936-4680-8786-82BA874740CA}.Release|Any CPU.ActiveCfg = Release|Any CPU
		{C1EA8DAD-7936-4680-8786-82BA874740CA}.Release|Any CPU.Build.0 = Release|Any CPU
		{C1EA8DAD-7936-4680-8786-82BA874740CA}.Release|x64.ActiveCfg = Release|Any CPU
		{C1EA8DAD-7936-4680-8786-82BA874740CA}.Release|x64.Build.0 = Release|Any CPU
		{C1EA8DAD-7936-4680-8786-82BA874740CA}.Release|x86.ActiveCfg = Release|Any CPU
		{C1EA8DAD-7936-4680-8786-82BA874740CA}.Release|x86.Build.0 = Release|Any CPU
		{B229F2F0-9BF5-462C-8829-69F784CF1B74}.Debug|Any CPU.ActiveCfg = Debug|Any CPU
		{B229F2F0-9BF5-462C-8829-69F784CF1B74}.Debug|Any CPU.Build.0 = Debug|Any CPU
		{B229F2F0-9BF5-462C-8829-69F784CF1B74}.Debug|x64.ActiveCfg = Debug|Any CPU
		{B229F2F0-9BF5-462C-8829-69F784CF1B74}.Debug|x64.Build.0 = Debug|Any CPU
		{B229F2F0-9BF5-462C-8829-69F784CF1B74}.Debug|x86.ActiveCfg = Debug|Any CPU
		{B229F2F0-9BF5-462C-8829-69F784CF1B74}.Debug|x86.Build.0 = Debug|Any CPU
		{B229F2F0-9BF5-462C-8829-69F784CF1B74}.Release|Any CPU.ActiveCfg = Release|Any CPU
		{B229F2F0-9BF5-462C-8829-69F784CF1B74}.Release|Any CPU.Build.0 = Release|Any CPU
		{B229F2F0-9BF5-462C-8829-69F784CF1B74}.Release|x64.ActiveCfg = Release|Any CPU
		{B229F2F0-9BF5-462C-8829-69F784CF1B74}.Release|x64.Build.0 = Release|Any CPU
		{B229F2F0-9BF5-462C-8829-69F784CF1B74}.Release|x86.ActiveCfg = Release|Any CPU
		{B229F2F0-9BF5-462C-8829-69F784CF1B74}.Release|x86.Build.0 = Release|Any CPU
		{04299384-3F58-4866-9BF6-521DD9EAE9FE}.Debug|Any CPU.ActiveCfg = Debug|Any CPU
		{04299384-3F58-4866-9BF6-521DD9EAE9FE}.Debug|Any CPU.Build.0 = Debug|Any CPU
		{04299384-3F58-4866-9BF6-521DD9EAE9FE}.Debug|x64.ActiveCfg = Debug|Any CPU
		{04299384-3F58-4866-9BF6-521DD9EAE9FE}.Debug|x64.Build.0 = Debug|Any CPU
		{04299384-3F58-4866-9BF6-521DD9EAE9FE}.Debug|x86.ActiveCfg = Debug|Any CPU
		{04299384-3F58-4866-9BF6-521DD9EAE9FE}.Debug|x86.Build.0 = Debug|Any CPU
		{04299384-3F58-4866-9BF6-521DD9EAE9FE}.Release|Any CPU.ActiveCfg = Release|Any CPU
		{04299384-3F58-4866-9BF6-521DD9EAE9FE}.Release|Any CPU.Build.0 = Release|Any CPU
		{04299384-3F58-4866-9BF6-521DD9EAE9FE}.Release|x64.ActiveCfg = Release|Any CPU
		{04299384-3F58-4866-9BF6-521DD9EAE9FE}.Release|x64.Build.0 = Release|Any CPU
		{04299384-3F58-4866-9BF6-521DD9EAE9FE}.Release|x86.ActiveCfg = Release|Any CPU
		{04299384-3F58-4866-9BF6-521DD9EAE9FE}.Release|x86.Build.0 = Release|Any CPU
		{98E1743D-D775-40AC-975D-1D78A3D2C22A}.Debug|Any CPU.ActiveCfg = Debug|Any CPU
		{98E1743D-D775-40AC-975D-1D78A3D2C22A}.Debug|Any CPU.Build.0 = Debug|Any CPU
		{98E1743D-D775-40AC-975D-1D78A3D2C22A}.Debug|x64.ActiveCfg = Debug|Any CPU
		{98E1743D-D775-40AC-975D-1D78A3D2C22A}.Debug|x64.Build.0 = Debug|Any CPU
		{98E1743D-D775-40AC-975D-1D78A3D2C22A}.Debug|x86.ActiveCfg = Debug|Any CPU
		{98E1743D-D775-40AC-975D-1D78A3D2C22A}.Debug|x86.Build.0 = Debug|Any CPU
		{98E1743D-D775-40AC-975D-1D78A3D2C22A}.Release|Any CPU.ActiveCfg = Release|Any CPU
		{98E1743D-D775-40AC-975D-1D78A3D2C22A}.Release|Any CPU.Build.0 = Release|Any CPU
		{98E1743D-D775-40AC-975D-1D78A3D2C22A}.Release|x64.ActiveCfg = Release|Any CPU
		{98E1743D-D775-40AC-975D-1D78A3D2C22A}.Release|x64.Build.0 = Release|Any CPU
		{98E1743D-D775-40AC-975D-1D78A3D2C22A}.Release|x86.ActiveCfg = Release|Any CPU
		{98E1743D-D775-40AC-975D-1D78A3D2C22A}.Release|x86.Build.0 = Release|Any CPU
		{F5FDFA01-205C-4F6D-8E41-8278D2E70939}.Debug|Any CPU.ActiveCfg = Debug|Any CPU
		{F5FDFA01-205C-4F6D-8E41-8278D2E70939}.Debug|Any CPU.Build.0 = Debug|Any CPU
		{F5FDFA01-205C-4F6D-8E41-8278D2E70939}.Debug|x64.ActiveCfg = Debug|Any CPU
		{F5FDFA01-205C-4F6D-8E41-8278D2E70939}.Debug|x64.Build.0 = Debug|Any CPU
		{F5FDFA01-205C-4F6D-8E41-8278D2E70939}.Debug|x86.ActiveCfg = Debug|Any CPU
		{F5FDFA01-205C-4F6D-8E41-8278D2E70939}.Debug|x86.Build.0 = Debug|Any CPU
		{F5FDFA01-205C-4F6D-8E41-8278D2E70939}.Release|Any CPU.ActiveCfg = Release|Any CPU
		{F5FDFA01-205C-4F6D-8E41-8278D2E70939}.Release|Any CPU.Build.0 = Release|Any CPU
		{F5FDFA01-205C-4F6D-8E41-8278D2E70939}.Release|x64.ActiveCfg = Release|Any CPU
		{F5FDFA01-205C-4F6D-8E41-8278D2E70939}.Release|x64.Build.0 = Release|Any CPU
		{F5FDFA01-205C-4F6D-8E41-8278D2E70939}.Release|x86.ActiveCfg = Release|Any CPU
		{F5FDFA01-205C-4F6D-8E41-8278D2E70939}.Release|x86.Build.0 = Release|Any CPU
		{59931D20-2A30-422A-9428-591DA5AA0063}.Debug|Any CPU.ActiveCfg = Debug|Any CPU
		{59931D20-2A30-422A-9428-591DA5AA0063}.Debug|Any CPU.Build.0 = Debug|Any CPU
		{59931D20-2A30-422A-9428-591DA5AA0063}.Debug|x64.ActiveCfg = Debug|Any CPU
		{59931D20-2A30-422A-9428-591DA5AA0063}.Debug|x64.Build.0 = Debug|Any CPU
		{59931D20-2A30-422A-9428-591DA5AA0063}.Debug|x86.ActiveCfg = Debug|Any CPU
		{59931D20-2A30-422A-9428-591DA5AA0063}.Debug|x86.Build.0 = Debug|Any CPU
		{59931D20-2A30-422A-9428-591DA5AA0063}.Release|Any CPU.ActiveCfg = Release|Any CPU
		{59931D20-2A30-422A-9428-591DA5AA0063}.Release|Any CPU.Build.0 = Release|Any CPU
		{59931D20-2A30-422A-9428-591DA5AA0063}.Release|x64.ActiveCfg = Release|Any CPU
		{59931D20-2A30-422A-9428-591DA5AA0063}.Release|x64.Build.0 = Release|Any CPU
		{59931D20-2A30-422A-9428-591DA5AA0063}.Release|x86.ActiveCfg = Release|Any CPU
		{59931D20-2A30-422A-9428-591DA5AA0063}.Release|x86.Build.0 = Release|Any CPU
		{C20E2D99-E020-4CD3-A83C-410883B69449}.Debug|Any CPU.ActiveCfg = Debug|Any CPU
		{C20E2D99-E020-4CD3-A83C-410883B69449}.Debug|Any CPU.Build.0 = Debug|Any CPU
		{C20E2D99-E020-4CD3-A83C-410883B69449}.Debug|x64.ActiveCfg = Debug|Any CPU
		{C20E2D99-E020-4CD3-A83C-410883B69449}.Debug|x64.Build.0 = Debug|Any CPU
		{C20E2D99-E020-4CD3-A83C-410883B69449}.Debug|x86.ActiveCfg = Debug|Any CPU
		{C20E2D99-E020-4CD3-A83C-410883B69449}.Debug|x86.Build.0 = Debug|Any CPU
		{C20E2D99-E020-4CD3-A83C-410883B69449}.Release|Any CPU.ActiveCfg = Release|Any CPU
		{C20E2D99-E020-4CD3-A83C-410883B69449}.Release|Any CPU.Build.0 = Release|Any CPU
		{C20E2D99-E020-4CD3-A83C-410883B69449}.Release|x64.ActiveCfg = Release|Any CPU
		{C20E2D99-E020-4CD3-A83C-410883B69449}.Release|x64.Build.0 = Release|Any CPU
		{C20E2D99-E020-4CD3-A83C-410883B69449}.Release|x86.ActiveCfg = Release|Any CPU
		{C20E2D99-E020-4CD3-A83C-410883B69449}.Release|x86.Build.0 = Release|Any CPU
		{44372CE0-E867-4609-A27B-469AABB2408F}.Debug|Any CPU.ActiveCfg = Debug|Any CPU
		{44372CE0-E867-4609-A27B-469AABB2408F}.Debug|Any CPU.Build.0 = Debug|Any CPU
		{44372CE0-E867-4609-A27B-469AABB2408F}.Debug|x64.ActiveCfg = Debug|Any CPU
		{44372CE0-E867-4609-A27B-469AABB2408F}.Debug|x64.Build.0 = Debug|Any CPU
		{44372CE0-E867-4609-A27B-469AABB2408F}.Debug|x86.ActiveCfg = Debug|Any CPU
		{44372CE0-E867-4609-A27B-469AABB2408F}.Debug|x86.Build.0 = Debug|Any CPU
		{44372CE0-E867-4609-A27B-469AABB2408F}.Release|Any CPU.ActiveCfg = Release|Any CPU
		{44372CE0-E867-4609-A27B-469AABB2408F}.Release|Any CPU.Build.0 = Release|Any CPU
		{44372CE0-E867-4609-A27B-469AABB2408F}.Release|x64.ActiveCfg = Release|Any CPU
		{44372CE0-E867-4609-A27B-469AABB2408F}.Release|x64.Build.0 = Release|Any CPU
		{44372CE0-E867-4609-A27B-469AABB2408F}.Release|x86.ActiveCfg = Release|Any CPU
		{44372CE0-E867-4609-A27B-469AABB2408F}.Release|x86.Build.0 = Release|Any CPU
		{CD342A44-DB00-4E1C-90DB-8881A878DBC2}.Debug|Any CPU.ActiveCfg = Debug|Any CPU
		{CD342A44-DB00-4E1C-90DB-8881A878DBC2}.Debug|Any CPU.Build.0 = Debug|Any CPU
		{CD342A44-DB00-4E1C-90DB-8881A878DBC2}.Debug|x64.ActiveCfg = Debug|Any CPU
		{CD342A44-DB00-4E1C-90DB-8881A878DBC2}.Debug|x64.Build.0 = Debug|Any CPU
		{CD342A44-DB00-4E1C-90DB-8881A878DBC2}.Debug|x86.ActiveCfg = Debug|Any CPU
		{CD342A44-DB00-4E1C-90DB-8881A878DBC2}.Debug|x86.Build.0 = Debug|Any CPU
		{CD342A44-DB00-4E1C-90DB-8881A878DBC2}.Release|Any CPU.ActiveCfg = Release|Any CPU
		{CD342A44-DB00-4E1C-90DB-8881A878DBC2}.Release|Any CPU.Build.0 = Release|Any CPU
		{CD342A44-DB00-4E1C-90DB-8881A878DBC2}.Release|x64.ActiveCfg = Release|Any CPU
		{CD342A44-DB00-4E1C-90DB-8881A878DBC2}.Release|x64.Build.0 = Release|Any CPU
		{CD342A44-DB00-4E1C-90DB-8881A878DBC2}.Release|x86.ActiveCfg = Release|Any CPU
		{CD342A44-DB00-4E1C-90DB-8881A878DBC2}.Release|x86.Build.0 = Release|Any CPU
		{94599AF6-ACCA-499D-BC9B-A475C85DD103}.Debug|Any CPU.ActiveCfg = Debug|Any CPU
		{94599AF6-ACCA-499D-BC9B-A475C85DD103}.Debug|Any CPU.Build.0 = Debug|Any CPU
		{94599AF6-ACCA-499D-BC9B-A475C85DD103}.Debug|x64.ActiveCfg = Debug|Any CPU
		{94599AF6-ACCA-499D-BC9B-A475C85DD103}.Debug|x64.Build.0 = Debug|Any CPU
		{94599AF6-ACCA-499D-BC9B-A475C85DD103}.Debug|x86.ActiveCfg = Debug|Any CPU
		{94599AF6-ACCA-499D-BC9B-A475C85DD103}.Debug|x86.Build.0 = Debug|Any CPU
		{94599AF6-ACCA-499D-BC9B-A475C85DD103}.Release|Any CPU.ActiveCfg = Release|Any CPU
		{94599AF6-ACCA-499D-BC9B-A475C85DD103}.Release|Any CPU.Build.0 = Release|Any CPU
		{94599AF6-ACCA-499D-BC9B-A475C85DD103}.Release|x64.ActiveCfg = Release|Any CPU
		{94599AF6-ACCA-499D-BC9B-A475C85DD103}.Release|x64.Build.0 = Release|Any CPU
		{94599AF6-ACCA-499D-BC9B-A475C85DD103}.Release|x86.ActiveCfg = Release|Any CPU
		{94599AF6-ACCA-499D-BC9B-A475C85DD103}.Release|x86.Build.0 = Release|Any CPU
		{8CBB149D-DFD7-4BE3-89DD-66124D923A19}.Debug|Any CPU.ActiveCfg = Debug|Any CPU
		{8CBB149D-DFD7-4BE3-89DD-66124D923A19}.Debug|Any CPU.Build.0 = Debug|Any CPU
		{8CBB149D-DFD7-4BE3-89DD-66124D923A19}.Debug|x64.ActiveCfg = Debug|Any CPU
		{8CBB149D-DFD7-4BE3-89DD-66124D923A19}.Debug|x64.Build.0 = Debug|Any CPU
		{8CBB149D-DFD7-4BE3-89DD-66124D923A19}.Debug|x86.ActiveCfg = Debug|Any CPU
		{8CBB149D-DFD7-4BE3-89DD-66124D923A19}.Debug|x86.Build.0 = Debug|Any CPU
		{8CBB149D-DFD7-4BE3-89DD-66124D923A19}.Release|Any CPU.ActiveCfg = Release|Any CPU
		{8CBB149D-DFD7-4BE3-89DD-66124D923A19}.Release|Any CPU.Build.0 = Release|Any CPU
		{8CBB149D-DFD7-4BE3-89DD-66124D923A19}.Release|x64.ActiveCfg = Release|Any CPU
		{8CBB149D-DFD7-4BE3-89DD-66124D923A19}.Release|x64.Build.0 = Release|Any CPU
		{8CBB149D-DFD7-4BE3-89DD-66124D923A19}.Release|x86.ActiveCfg = Release|Any CPU
		{8CBB149D-DFD7-4BE3-89DD-66124D923A19}.Release|x86.Build.0 = Release|Any CPU
		{78BE89E4-8A13-47C5-9171-394BEF38112F}.Debug|Any CPU.ActiveCfg = Debug|Any CPU
		{78BE89E4-8A13-47C5-9171-394BEF38112F}.Debug|Any CPU.Build.0 = Debug|Any CPU
		{78BE89E4-8A13-47C5-9171-394BEF38112F}.Debug|x64.ActiveCfg = Debug|Any CPU
		{78BE89E4-8A13-47C5-9171-394BEF38112F}.Debug|x64.Build.0 = Debug|Any CPU
		{78BE89E4-8A13-47C5-9171-394BEF38112F}.Debug|x86.ActiveCfg = Debug|Any CPU
		{78BE89E4-8A13-47C5-9171-394BEF38112F}.Debug|x86.Build.0 = Debug|Any CPU
		{78BE89E4-8A13-47C5-9171-394BEF38112F}.Release|Any CPU.ActiveCfg = Release|Any CPU
		{78BE89E4-8A13-47C5-9171-394BEF38112F}.Release|Any CPU.Build.0 = Release|Any CPU
		{78BE89E4-8A13-47C5-9171-394BEF38112F}.Release|x64.ActiveCfg = Release|Any CPU
		{78BE89E4-8A13-47C5-9171-394BEF38112F}.Release|x64.Build.0 = Release|Any CPU
		{78BE89E4-8A13-47C5-9171-394BEF38112F}.Release|x86.ActiveCfg = Release|Any CPU
		{78BE89E4-8A13-47C5-9171-394BEF38112F}.Release|x86.Build.0 = Release|Any CPU
		{E132BC22-7488-43C7-8AE9-E1B8AE0E1972}.Debug|Any CPU.ActiveCfg = Debug|Any CPU
		{E132BC22-7488-43C7-8AE9-E1B8AE0E1972}.Debug|Any CPU.Build.0 = Debug|Any CPU
		{E132BC22-7488-43C7-8AE9-E1B8AE0E1972}.Debug|x64.ActiveCfg = Debug|Any CPU
		{E132BC22-7488-43C7-8AE9-E1B8AE0E1972}.Debug|x64.Build.0 = Debug|Any CPU
		{E132BC22-7488-43C7-8AE9-E1B8AE0E1972}.Debug|x86.ActiveCfg = Debug|Any CPU
		{E132BC22-7488-43C7-8AE9-E1B8AE0E1972}.Debug|x86.Build.0 = Debug|Any CPU
		{E132BC22-7488-43C7-8AE9-E1B8AE0E1972}.Release|Any CPU.ActiveCfg = Release|Any CPU
		{E132BC22-7488-43C7-8AE9-E1B8AE0E1972}.Release|Any CPU.Build.0 = Release|Any CPU
		{E132BC22-7488-43C7-8AE9-E1B8AE0E1972}.Release|x64.ActiveCfg = Release|Any CPU
		{E132BC22-7488-43C7-8AE9-E1B8AE0E1972}.Release|x64.Build.0 = Release|Any CPU
		{E132BC22-7488-43C7-8AE9-E1B8AE0E1972}.Release|x86.ActiveCfg = Release|Any CPU
		{E132BC22-7488-43C7-8AE9-E1B8AE0E1972}.Release|x86.Build.0 = Release|Any CPU
		{686DC89A-7E14-4345-8336-ABCEBE4EDACC}.Debug|Any CPU.ActiveCfg = Debug|Any CPU
		{686DC89A-7E14-4345-8336-ABCEBE4EDACC}.Debug|Any CPU.Build.0 = Debug|Any CPU
		{686DC89A-7E14-4345-8336-ABCEBE4EDACC}.Debug|x64.ActiveCfg = Debug|Any CPU
		{686DC89A-7E14-4345-8336-ABCEBE4EDACC}.Debug|x64.Build.0 = Debug|Any CPU
		{686DC89A-7E14-4345-8336-ABCEBE4EDACC}.Debug|x86.ActiveCfg = Debug|Any CPU
		{686DC89A-7E14-4345-8336-ABCEBE4EDACC}.Debug|x86.Build.0 = Debug|Any CPU
		{686DC89A-7E14-4345-8336-ABCEBE4EDACC}.Release|Any CPU.ActiveCfg = Release|Any CPU
		{686DC89A-7E14-4345-8336-ABCEBE4EDACC}.Release|Any CPU.Build.0 = Release|Any CPU
		{686DC89A-7E14-4345-8336-ABCEBE4EDACC}.Release|x64.ActiveCfg = Release|Any CPU
		{686DC89A-7E14-4345-8336-ABCEBE4EDACC}.Release|x64.Build.0 = Release|Any CPU
		{686DC89A-7E14-4345-8336-ABCEBE4EDACC}.Release|x86.ActiveCfg = Release|Any CPU
		{686DC89A-7E14-4345-8336-ABCEBE4EDACC}.Release|x86.Build.0 = Release|Any CPU
		{27B7E025-3E00-4C7E-B83C-8EB19D5D0F0B}.Debug|Any CPU.ActiveCfg = Debug|Any CPU
		{27B7E025-3E00-4C7E-B83C-8EB19D5D0F0B}.Debug|Any CPU.Build.0 = Debug|Any CPU
		{27B7E025-3E00-4C7E-B83C-8EB19D5D0F0B}.Debug|x64.ActiveCfg = Debug|Any CPU
		{27B7E025-3E00-4C7E-B83C-8EB19D5D0F0B}.Debug|x64.Build.0 = Debug|Any CPU
		{27B7E025-3E00-4C7E-B83C-8EB19D5D0F0B}.Debug|x86.ActiveCfg = Debug|Any CPU
		{27B7E025-3E00-4C7E-B83C-8EB19D5D0F0B}.Debug|x86.Build.0 = Debug|Any CPU
		{27B7E025-3E00-4C7E-B83C-8EB19D5D0F0B}.Release|Any CPU.ActiveCfg = Release|Any CPU
		{27B7E025-3E00-4C7E-B83C-8EB19D5D0F0B}.Release|Any CPU.Build.0 = Release|Any CPU
		{27B7E025-3E00-4C7E-B83C-8EB19D5D0F0B}.Release|x64.ActiveCfg = Release|Any CPU
		{27B7E025-3E00-4C7E-B83C-8EB19D5D0F0B}.Release|x64.Build.0 = Release|Any CPU
		{27B7E025-3E00-4C7E-B83C-8EB19D5D0F0B}.Release|x86.ActiveCfg = Release|Any CPU
		{27B7E025-3E00-4C7E-B83C-8EB19D5D0F0B}.Release|x86.Build.0 = Release|Any CPU
		{37108205-3969-47EF-80F5-FAB321507B03}.Debug|Any CPU.ActiveCfg = Debug|Any CPU
		{37108205-3969-47EF-80F5-FAB321507B03}.Debug|Any CPU.Build.0 = Debug|Any CPU
		{37108205-3969-47EF-80F5-FAB321507B03}.Debug|x64.ActiveCfg = Debug|Any CPU
		{37108205-3969-47EF-80F5-FAB321507B03}.Debug|x64.Build.0 = Debug|Any CPU
		{37108205-3969-47EF-80F5-FAB321507B03}.Debug|x86.ActiveCfg = Debug|Any CPU
		{37108205-3969-47EF-80F5-FAB321507B03}.Debug|x86.Build.0 = Debug|Any CPU
		{37108205-3969-47EF-80F5-FAB321507B03}.Release|Any CPU.ActiveCfg = Release|Any CPU
		{37108205-3969-47EF-80F5-FAB321507B03}.Release|Any CPU.Build.0 = Release|Any CPU
		{37108205-3969-47EF-80F5-FAB321507B03}.Release|x64.ActiveCfg = Release|Any CPU
		{37108205-3969-47EF-80F5-FAB321507B03}.Release|x64.Build.0 = Release|Any CPU
		{37108205-3969-47EF-80F5-FAB321507B03}.Release|x86.ActiveCfg = Release|Any CPU
		{37108205-3969-47EF-80F5-FAB321507B03}.Release|x86.Build.0 = Release|Any CPU
		{34CD964C-3206-4566-ACC8-27FD87F85D21}.Debug|Any CPU.ActiveCfg = Debug|Any CPU
		{34CD964C-3206-4566-ACC8-27FD87F85D21}.Debug|Any CPU.Build.0 = Debug|Any CPU
		{34CD964C-3206-4566-ACC8-27FD87F85D21}.Debug|x64.ActiveCfg = Debug|Any CPU
		{34CD964C-3206-4566-ACC8-27FD87F85D21}.Debug|x64.Build.0 = Debug|Any CPU
		{34CD964C-3206-4566-ACC8-27FD87F85D21}.Debug|x86.ActiveCfg = Debug|Any CPU
		{34CD964C-3206-4566-ACC8-27FD87F85D21}.Debug|x86.Build.0 = Debug|Any CPU
		{34CD964C-3206-4566-ACC8-27FD87F85D21}.Release|Any CPU.ActiveCfg = Release|Any CPU
		{34CD964C-3206-4566-ACC8-27FD87F85D21}.Release|Any CPU.Build.0 = Release|Any CPU
		{34CD964C-3206-4566-ACC8-27FD87F85D21}.Release|x64.ActiveCfg = Release|Any CPU
		{34CD964C-3206-4566-ACC8-27FD87F85D21}.Release|x64.Build.0 = Release|Any CPU
		{34CD964C-3206-4566-ACC8-27FD87F85D21}.Release|x86.ActiveCfg = Release|Any CPU
		{34CD964C-3206-4566-ACC8-27FD87F85D21}.Release|x86.Build.0 = Release|Any CPU
	EndGlobalSection
	GlobalSection(SolutionProperties) = preSolution
		HideSolutionNode = FALSE
	EndGlobalSection
	GlobalSection(NestedProjects) = preSolution
		{1C7D6D08-6DB6-442B-0E8B-EE5A2CB8DCB0} = {985A090D-8783-E2AB-8C6F-999B9975EA1D}
		{59A1E47F-6B90-756D-0CFF-6B3354DED5DD} = {1C7D6D08-6DB6-442B-0E8B-EE5A2CB8DCB0}
		{CCD4378A-4875-4E64-92DB-88EA2166F18B} = {59A1E47F-6B90-756D-0CFF-6B3354DED5DD}
		{7197CCC7-3B28-49C1-A06F-2F3389F36D04} = {59A1E47F-6B90-756D-0CFF-6B3354DED5DD}
		{E50ACB3D-C2E7-41A4-B125-9F31EDD74A5C} = {59A1E47F-6B90-756D-0CFF-6B3354DED5DD}
		{0595AC43-D16E-4CF8-9292-4314619E0AB7} = {59A1E47F-6B90-756D-0CFF-6B3354DED5DD}
		{C851DE6A-3090-4509-9565-5CD91A16751D} = {59A1E47F-6B90-756D-0CFF-6B3354DED5DD}
		{A0E3284A-3B2B-35EB-A51F-B3D107C8E783} = {985A090D-8783-E2AB-8C6F-999B9975EA1D}
		{FFCA4197-3240-E89E-7456-4E2A89138627} = {A0E3284A-3B2B-35EB-A51F-B3D107C8E783}
		{1BC2D3F3-4A90-4B76-86F7-647A24EDAA20} = {FFCA4197-3240-E89E-7456-4E2A89138627}
		{4309A429-F350-4B2B-AC97-96BDA746F282} = {FFCA4197-3240-E89E-7456-4E2A89138627}
		{CEEE8480-DF49-4110-BAC4-B8500F969F2D} = {FFCA4197-3240-E89E-7456-4E2A89138627}
		{233446A7-6476-BD43-ABDA-6702A86DC26F} = {A0E3284A-3B2B-35EB-A51F-B3D107C8E783}
		{23AA6336-811D-235E-FC33-869A3ED6151C} = {233446A7-6476-BD43-ABDA-6702A86DC26F}
		{99EACE8C-F56D-05CA-4DA0-84C76AC4C7DD} = {23AA6336-811D-235E-FC33-869A3ED6151C}
		{CA630FEE-EA0C-4B73-8A41-2D49CF6EA849} = {99EACE8C-F56D-05CA-4DA0-84C76AC4C7DD}
		{D5993C05-CF95-4B6F-AFA7-FBFE2E734132} = {99EACE8C-F56D-05CA-4DA0-84C76AC4C7DD}
		{44F31B25-708D-43BB-AC9C-90A2B9CE5EE2} = {99EACE8C-F56D-05CA-4DA0-84C76AC4C7DD}
		{703A7473-672A-0A87-4A62-8841B0B56EDE} = {A0E3284A-3B2B-35EB-A51F-B3D107C8E783}
		{953BA2C6-0F4C-E7BD-AE85-DAC73A53E195} = {703A7473-672A-0A87-4A62-8841B0B56EDE}
		{06D2FA5A-7481-D445-E2D0-B778537C4EC5} = {953BA2C6-0F4C-E7BD-AE85-DAC73A53E195}
		{0C673DB1-3479-475D-90B8-AA9AA71676C1} = {06D2FA5A-7481-D445-E2D0-B778537C4EC5}
		{6F5CB37F-4183-48AF-9B65-06535EDEF65E} = {06D2FA5A-7481-D445-E2D0-B778537C4EC5}
		{7B99307F-EC18-41EC-8246-E43F19998ED8} = {06D2FA5A-7481-D445-E2D0-B778537C4EC5}
		{8AECE750-E738-9514-E511-9325E20D60F7} = {985A090D-8783-E2AB-8C6F-999B9975EA1D}
		{510E9F7D-6B2D-41AC-8822-5CA923DE5524} = {8AECE750-E738-9514-E511-9325E20D60F7}
		{0082CAAC-4BB6-251F-3963-E262EDF45D9A} = {953BA2C6-0F4C-E7BD-AE85-DAC73A53E195}
		{A230C8A4-3EC3-4884-83C3-D9833A35172A} = {0082CAAC-4BB6-251F-3963-E262EDF45D9A}
		{A9D2249F-2D1E-4BB3-AAE6-191EDCE1C242} = {0082CAAC-4BB6-251F-3963-E262EDF45D9A}
		{0FD65F75-5086-49A6-8E57-EB3C6252B220} = {0082CAAC-4BB6-251F-3963-E262EDF45D9A}
		{6EB632C3-79D0-4ADF-8DE3-E918E8055652} = {0082CAAC-4BB6-251F-3963-E262EDF45D9A}
		{46DE19D9-D5F8-48CA-82D9-89FD0022F8BB} = {0082CAAC-4BB6-251F-3963-E262EDF45D9A}
		{2EE93E6C-C36C-4DC2-96E3-5574AA83DF40} = {0082CAAC-4BB6-251F-3963-E262EDF45D9A}
		{4D4CAB2C-B1E0-4760-B216-80E404C442D4} = {0082CAAC-4BB6-251F-3963-E262EDF45D9A}
		{C1EA8DAD-7936-4680-8786-82BA874740CA} = {0082CAAC-4BB6-251F-3963-E262EDF45D9A}
		{B229F2F0-9BF5-462C-8829-69F784CF1B74} = {0082CAAC-4BB6-251F-3963-E262EDF45D9A}
		{04299384-3F58-4866-9BF6-521DD9EAE9FE} = {0082CAAC-4BB6-251F-3963-E262EDF45D9A}
		{98E1743D-D775-40AC-975D-1D78A3D2C22A} = {0082CAAC-4BB6-251F-3963-E262EDF45D9A}
		{F5FDFA01-205C-4F6D-8E41-8278D2E70939} = {0082CAAC-4BB6-251F-3963-E262EDF45D9A}
		{59931D20-2A30-422A-9428-591DA5AA0063} = {0082CAAC-4BB6-251F-3963-E262EDF45D9A}
		{C20E2D99-E020-4CD3-A83C-410883B69449} = {0082CAAC-4BB6-251F-3963-E262EDF45D9A}
		{44372CE0-E867-4609-A27B-469AABB2408F} = {0082CAAC-4BB6-251F-3963-E262EDF45D9A}
		{CD342A44-DB00-4E1C-90DB-8881A878DBC2} = {0082CAAC-4BB6-251F-3963-E262EDF45D9A}
		{94599AF6-ACCA-499D-BC9B-A475C85DD103} = {0082CAAC-4BB6-251F-3963-E262EDF45D9A}
		{ED9F1EA2-372A-6F2D-C432-B445B15C45CB} = {A0E3284A-3B2B-35EB-A51F-B3D107C8E783}
		{D1699EAB-DC96-495F-C758-C5E29CAC2309} = {ED9F1EA2-372A-6F2D-C432-B445B15C45CB}
		{2F5197DF-9D6A-1E50-F383-1B786434F5FB} = {D1699EAB-DC96-495F-C758-C5E29CAC2309}
		{8CBB149D-DFD7-4BE3-89DD-66124D923A19} = {2F5197DF-9D6A-1E50-F383-1B786434F5FB}
		{78BE89E4-8A13-47C5-9171-394BEF38112F} = {2F5197DF-9D6A-1E50-F383-1B786434F5FB}
		{E132BC22-7488-43C7-8AE9-E1B8AE0E1972} = {2F5197DF-9D6A-1E50-F383-1B786434F5FB}
		{686DC89A-7E14-4345-8336-ABCEBE4EDACC} = {2F5197DF-9D6A-1E50-F383-1B786434F5FB}
		{27B7E025-3E00-4C7E-B83C-8EB19D5D0F0B} = {2F5197DF-9D6A-1E50-F383-1B786434F5FB}
		{37108205-3969-47EF-80F5-FAB321507B03} = {2F5197DF-9D6A-1E50-F383-1B786434F5FB}
		{50832DC4-4F5D-4617-9906-61964D2019E3} = {D1699EAB-DC96-495F-C758-C5E29CAC2309}
		{34CD964C-3206-4566-ACC8-27FD87F85D21} = {50832DC4-4F5D-4617-9906-61964D2019E3}
	EndGlobalSection
EndGlobal
